
Microsoft Visual Studio Solution File, Format Version 12.00
# Visual Studio Version 16
VisualStudioVersion = 16.0.28809.33
MinimumVisualStudioVersion = 10.0.40219.1
Project("{FAE04EC0-301F-11D3-BF4B-00C04F79EFBC}") = "LineTick.EntityFramework", "LineTick.EntityFramework\LineTick.EntityFramework.csproj", "{4D26CFBB-958B-4D1E-910D-959E7A118FF5}"
EndProject
Project("{9A19103F-16F7-4668-BE54-9A1E7A4F7556}") = "LineTickService", "LineTickService\LineTickService.csproj", "{4759D432-1AE2-4A68-9106-7211B037E4F1}"
EndProject
Global
	GlobalSection(SolutionConfigurationPlatforms) = preSolution
		Debug|Any CPU = Debug|Any CPU
		Release|Any CPU = Release|Any CPU
	EndGlobalSection
	GlobalSection(ProjectConfigurationPlatforms) = postSolution
		{4D26CFBB-958B-4D1E-910D-959E7A118FF5}.Debug|Any CPU.ActiveCfg = Debug|Any CPU
		{4D26CFBB-958B-4D1E-910D-959E7A118FF5}.Debug|Any CPU.Build.0 = Debug|Any CPU
		{4D26CFBB-958B-4D1E-910D-959E7A118FF5}.Release|Any CPU.ActiveCfg = Release|Any CPU
		{4D26CFBB-958B-4D1E-910D-959E7A118FF5}.Release|Any CPU.Build.0 = Release|Any CPU
		{4759D432-1AE2-4A68-9106-7211B037E4F1}.Debug|Any CPU.ActiveCfg = Debug|Any CPU
		{4759D432-1AE2-4A68-9106-7211B037E4F1}.Debug|Any CPU.Build.0 = Debug|Any CPU
		{4759D432-1AE2-4A68-9106-7211B037E4F1}.Release|Any CPU.ActiveCfg = Release|Any CPU
		{4759D432-1AE2-4A68-9106-7211B037E4F1}.Release|Any CPU.Build.0 = Release|Any CPU
	EndGlobalSection
	GlobalSection(SolutionProperties) = preSolution
		HideSolutionNode = FALSE
	EndGlobalSection
	GlobalSection(ExtensibilityGlobals) = postSolution
		SolutionGuid = {F4D2C16F-0EBD-403C-B60D-D08092719B92}
	EndGlobalSection
EndGlobal
